Microsoft Visual Studio Solution File, Format Version 12.00
# Visual Studio 2012
Project("{FAE04EC0-301F-11D3-BF4B-00C04F79EFBC}") = "TransparentGame", "TransparentGame.csproj", "{D8C72224-3DC5-424C-813E-73B3AA29332D}"
EndProject
Global
	GlobalSection(SolutionConfigurationPlatforms) = preSolution
	Debug|Any CPU = Debug|Any CPU
	ExportDebug|Any CPU = ExportDebug|Any CPU
	ExportRelease|Any CPU = ExportRelease|Any CPU
	EndGlobalSection
	GlobalSection(ProjectConfigurationPlatforms) = postSolution
		{D8C72224-3DC5-424C-813E-73B3AA29332D}.Debug|Any CPU.ActiveCfg = Debug|Any CPU
		{D8C72224-3DC5-424C-813E-73B3AA29332D}.Debug|Any CPU.Build.0 = Debug|Any CPU
		{D8C72224-3DC5-424C-813E-73B3AA29332D}.ExportDebug|Any CPU.ActiveCfg = ExportDebug|Any CPU
		{D8C72224-3DC5-424C-813E-73B3AA29332D}.ExportDebug|Any CPU.Build.0 = ExportDebug|Any CPU
		{D8C72224-3DC5-424C-813E-73B3AA29332D}.ExportRelease|Any CPU.ActiveCfg = ExportRelease|Any CPU
		{D8C72224-3DC5-424C-813E-73B3AA29332D}.ExportRelease|Any CPU.Build.0 = ExportRelease|Any CPU
	EndGlobalSection
EndGlobal
